// !$*UTF8*$!
{
	archiveVersion = 1;
	classes = {
	};
	objectVersion = 54;
	objects = {

/* Begin PBXBuildFile section */
		750F9ED82685C01E00C008C4 /* GoogleService-Info.plist in Resources */ = {isa = PBXBuildFile; fileRef = 750F9ED62685C01E00C008C4 /* GoogleService-Info.plist */; };
		750F9ED92685C01E00C008C4 /* GoogleService-Info.plist in Resources */ = {isa = PBXBuildFile; fileRef = 750F9ED62685C01E00C008C4 /* GoogleService-Info.plist */; };
		750F9EDC2685CC9F00C008C4 /* CloudKit.framework in Frameworks */ = {isa = PBXBuildFile; fileRef = 750F9EDB2685CC9F00C008C4 /* CloudKit.framework */; };
		750F9EDF2685D7A400C008C4 /* TaskModel.xcdatamodeld in Sources */ = {isa = PBXBuildFile; fileRef = 750F9EDD2685D7A400C008C4 /* TaskModel.xcdatamodeld */; };
		750F9EE02685D7A400C008C4 /* TaskModel.xcdatamodeld in Sources */ = {isa = PBXBuildFile; fileRef = 750F9EDD2685D7A400C008C4 /* TaskModel.xcdatamodeld */; };
		750F9EE12685D7A400C008C4 /* TaskModel.xcdatamodeld in Sources */ = {isa = PBXBuildFile; fileRef = 750F9EDD2685D7A400C008C4 /* TaskModel.xcdatamodeld */; };
		7513BA322687C40500F8CCE0 /* SettingsBackdrop.swift in Sources */ = {isa = PBXBuildFile; fileRef = 7513BA312687C40500F8CCE0 /* SettingsBackdrop.swift */; };
		7513BA332687C40500F8CCE0 /* SettingsBackdrop.swift in Sources */ = {isa = PBXBuildFile; fileRef = 7513BA312687C40500F8CCE0 /* SettingsBackdrop.swift */; };
		7513BA342687C40500F8CCE0 /* SettingsBackdrop.swift in Sources */ = {isa = PBXBuildFile; fileRef = 7513BA312687C40500F8CCE0 /* SettingsBackdrop.swift */; };
		7524B71B2DE4EAC90026D865 /* GoogleService-Info.plist in Resources */ = {isa = PBXBuildFile; fileRef = 7524B71A2DE4EAC90026D865 /* GoogleService-Info.plist */; };
		7537B62324A2AF0800B978E5 /* NewProjectViewController.swift in Sources */ = {isa = PBXBuildFile; fileRef = 7537B62224A2AF0800B978E5 /* NewProjectViewController.swift */; };
		7539AAB92DE988C900619EDD /* TaskDetailView.swift in Sources */ = {isa = PBXBuildFile; fileRef = 7539AAB82DE988C900619EDD /* TaskDetailView.swift */; };
		7539AABA2DE988C900619EDD /* TaskDetailView.swift in Sources */ = {isa = PBXBuildFile; fileRef = 7539AAB82DE988C900619EDD /* TaskDetailView.swift */; };
		7539AABB2DE988C900619EDD /* TaskDetailView.swift in Sources */ = {isa = PBXBuildFile; fileRef = 7539AAB82DE988C900619EDD /* TaskDetailView.swift */; };
		753EFC9E2445A24500A739E3 /* AppDelegate.swift in Sources */ = {isa = PBXBuildFile; fileRef = 753EFC9D2445A24500A739E3 /* AppDelegate.swift */; };
		753EFCA02445A24500A739E3 /* SceneDelegate.swift in Sources */ = {isa = PBXBuildFile; fileRef = 753EFC9F2445A24500A739E3 /* SceneDelegate.swift */; };
		753EFCA22445A24500A739E3 /* HomeViewController.swift in Sources */ = {isa = PBXBuildFile; fileRef = 753EFCA12445A24500A739E3 /* HomeViewController.swift */; };
		753EFCA52445A24500A739E3 /* Main.storyboard in Resources */ = {isa = PBXBuildFile; fileRef = 753EFCA32445A24500A739E3 /* Main.storyboard */; };
		753EFCA72445A24700A739E3 /* Assets.xcassets in Resources */ = {isa = PBXBuildFile; fileRef = 753EFCA62445A24700A739E3 /* Assets.xcassets */; };
		753EFCAA2445A24700A739E3 /* LaunchScreen.storyboard in Resources */ = {isa = PBXBuildFile; fileRef = 753EFCA82445A24700A739E3 /* LaunchScreen.storyboard */; };
		753EFCB52445A24700A739E3 /* To_Do_ListTests.swift in Sources */ = {isa = PBXBuildFile; fileRef = 753EFCB42445A24700A739E3 /* To_Do_ListTests.swift */; };
		753EFCC02445A24800A739E3 /* To_Do_ListUITests.swift in Sources */ = {isa = PBXBuildFile; fileRef = 753EFCBF2445A24800A739E3 /* To_Do_ListUITests.swift */; };
		7551DA0024880D8E005CF826 /* AddTaskBackdropView.swift in Sources */ = {isa = PBXBuildFile; fileRef = 7551D9FF24880D8E005CF826 /* AddTaskBackdropView.swift */; };
		7551DA0224880DAC005CF826 /* AddTaskForedropView.swift in Sources */ = {isa = PBXBuildFile; fileRef = 7551DA0124880DAC005CF826 /* AddTaskForedropView.swift */; };
		7551DA0424882A78005CF826 /* AddTaskViewController.swift in Sources */ = {isa = PBXBuildFile; fileRef = 7551DA0324882A78005CF826 /* AddTaskViewController.swift */; };
		7551DA0624882E94005CF826 /* ToDoFont.swift in Sources */ = {isa = PBXBuildFile; fileRef = 7551DA0524882E94005CF826 /* ToDoFont.swift */; };
		7551DA09248832BE005CF826 /* ToDoTimeUtils.swift in Sources */ = {isa = PBXBuildFile; fileRef = 7551DA08248832BE005CF826 /* ToDoTimeUtils.swift */; };
		7551DA0B24883478005CF826 /* AddTaskCalendarExtention.swift in Sources */ = {isa = PBXBuildFile; fileRef = 7551DA0A24883478005CF826 /* AddTaskCalendarExtention.swift */; };
		75573CAF2DE88A8000F5A873 /* SettingsView.swift in Sources */ = {isa = PBXBuildFile; fileRef = 75573CAE2DE88A8000F5A873 /* SettingsView.swift */; };
		75573CB02DE88A8000F5A873 /* SettingsView.swift in Sources */ = {isa = PBXBuildFile; fileRef = 75573CAE2DE88A8000F5A873 /* SettingsView.swift */; };
		75573CB12DE88A8000F5A873 /* SettingsView.swift in Sources */ = {isa = PBXBuildFile; fileRef = 75573CAE2DE88A8000F5A873 /* SettingsView.swift */; };
		75573CB32DE8954500F5A873 /* ProjectManagementView.swift in Sources */ = {isa = PBXBuildFile; fileRef = 75573CB22DE8954500F5A873 /* ProjectManagementView.swift */; };
		75573CB42DE8954500F5A873 /* ProjectManagementView.swift in Sources */ = {isa = PBXBuildFile; fileRef = 75573CB22DE8954500F5A873 /* ProjectManagementView.swift */; };
		75573CB52DE8954500F5A873 /* ProjectManagementView.swift in Sources */ = {isa = PBXBuildFile; fileRef = 75573CB22DE8954500F5A873 /* ProjectManagementView.swift */; };
		755FE8D72479159200A71A75 /* HomeCalendarExtention.swift in Sources */ = {isa = PBXBuildFile; fileRef = 755FE8D62479159200A71A75 /* HomeCalendarExtention.swift */; };
		755FE8D92479169400A71A75 /* ToDoList.swift in Sources */ = {isa = PBXBuildFile; fileRef = 755FE8D82479169400A71A75 /* ToDoList.swift */; };
		755FE8DC2479220700A71A75 /* LineChart.swift in Sources */ = {isa = PBXBuildFile; fileRef = 755FE8DB2479220700A71A75 /* LineChart.swift */; };
		755FE8DE2479227A00A71A75 /* TinyPieChart.swift in Sources */ = {isa = PBXBuildFile; fileRef = 755FE8DD2479227A00A71A75 /* TinyPieChart.swift */; };
		755FE8E22479EA5400A71A75 /* RippleDelegate.swift in Sources */ = {isa = PBXBuildFile; fileRef = 755FE8E12479EA5300A71A75 /* RippleDelegate.swift */; };
		758A80402450BFA300BFB571 /* InboxViewController.swift in Sources */ = {isa = PBXBuildFile; fileRef = 758A803F2450BFA300BFB571 /* InboxViewController.swift */; };
		758A80642451E86E00BFB571 /* WeeklyViewController.swift in Sources */ = {isa = PBXBuildFile; fileRef = 758A80632451E86E00BFB571 /* WeeklyViewController.swift */; };
		758D4D7824A93FB300AB57A8 /* ProjectManager.swift in Sources */ = {isa = PBXBuildFile; fileRef = 758D4D7724A93FB300AB57A8 /* ProjectManager.swift */; };
		758D4D7A24A940BD00AB57A8 /* Projects+CoreDataProperties.swift in Sources */ = {isa = PBXBuildFile; fileRef = 758D4D7924A940BD00AB57A8 /* Projects+CoreDataProperties.swift */; };
		758D4D7C24A940C300AB57A8 /* Projects+CoreDataClass.swift in Sources */ = {isa = PBXBuildFile; fileRef = 758D4D7B24A940C300AB57A8 /* Projects+CoreDataClass.swift */; };
		758D4D7E24AA67F900AB57A8 /* HomeDrawerFilterView.swift in Sources */ = {isa = PBXBuildFile; fileRef = 758D4D7D24AA67F900AB57A8 /* HomeDrawerFilterView.swift */; };
		758D4D8024AB20F000AB57A8 /* ToDoListData.swift in Sources */ = {isa = PBXBuildFile; fileRef = 758D4D7F24AB20F000AB57A8 /* ToDoListData.swift */; };
		758D4D8224ABA4A600AB57A8 /* TableViewCellSampleData.swift in Sources */ = {isa = PBXBuildFile; fileRef = 758D4D8124ABA4A600AB57A8 /* TableViewCellSampleData.swift */; };
		758D4D8624ABA7CE00AB57A8 /* FluentUIFramework.swift in Sources */ = {isa = PBXBuildFile; fileRef = 758D4D8524ABA7CE00AB57A8 /* FluentUIFramework.swift */; };
		759F18F92468B70200293A32 /* NAddTaskScreen.swift in Sources */ = {isa = PBXBuildFile; fileRef = 759F18F82468B70200293A32 /* NAddTaskScreen.swift */; };
		75A400FD248C57DD002F0E7A /* ToDoAnimations.swift in Sources */ = {isa = PBXBuildFile; fileRef = 75A400FC248C57DC002F0E7A /* ToDoAnimations.swift */; };
		75B7121D246AFF5B00453AEC /* UpcominngTasksViewController.swift in Sources */ = {isa = PBXBuildFile; fileRef = 75B7121C246AFF5B00453AEC /* UpcominngTasksViewController.swift */; };
		75C7B8212454DABC00C61668 /* SettingsPageViewController.swift in Sources */ = {isa = PBXBuildFile; fileRef = 75C7B8202454DABC00C61668 /* SettingsPageViewController.swift */; };
		75F18102245C99CD004D9A69 /* TaskModel.xcdatamodeld in Sources */ = {isa = PBXBuildFile; fileRef = 75F18100245C99CD004D9A69 /* TaskModel.xcdatamodeld */; };
		75F18106245CA0BC004D9A69 /* Task.swift in Sources */ = {isa = PBXBuildFile; fileRef = 75F18105245CA0BC004D9A69 /* Task.swift */; };
		75F18108245CA229004D9A69 /* TaskManager.swift in Sources */ = {isa = PBXBuildFile; fileRef = 75F18107245CA229004D9A69 /* TaskManager.swift */; };
		75F1810B245CA7DF004D9A69 /* NTask+CoreDataClass.swift in Sources */ = {isa = PBXBuildFile; fileRef = 75F18109245CA7DF004D9A69 /* NTask+CoreDataClass.swift */; };
		75F1810C245CA7DF004D9A69 /* NTask+CoreDataProperties.swift in Sources */ = {isa = PBXBuildFile; fileRef = 75F1810A245CA7DF004D9A69 /* NTask+CoreDataProperties.swift */; };
		75F9937224815BF600C340EB /* ToDoColors.swift in Sources */ = {isa = PBXBuildFile; fileRef = 75F9937124815BF600C340EB /* ToDoColors.swift */; };
		75F993742482487C00C340EB /* HomeBackdropView.swift in Sources */ = {isa = PBXBuildFile; fileRef = 75F993732482487C00C340EB /* HomeBackdropView.swift */; };
		75F9937A2483764C00C340EB /* DayAxisValueFormatter.swift in Sources */ = {isa = PBXBuildFile; fileRef = 75F993792483764C00C340EB /* DayAxisValueFormatter.swift */; };
		75F9937C2485994E00C340EB /* HomeForedropView.swift in Sources */ = {isa = PBXBuildFile; fileRef = 75F9937B2485994E00C340EB /* HomeForedropView.swift */; };
		75F9937E24859ADB00C340EB /* HomeBottomBarView.swift in Sources */ = {isa = PBXBuildFile; fileRef = 75F9937D24859ADB00C340EB /* HomeBottomBarView.swift */; };
		75F993802485B04200C340EB /* Score.swift in Sources */ = {isa = PBXBuildFile; fileRef = 75F9937F2485B04200C340EB /* Score.swift */; };
		A882C59AE0A2535663700E61 /* Pods_Tasker.framework in Frameworks */ = {isa = PBXBuildFile; fileRef = 40459E85A85A0D9EB66A9A0A /* Pods_Tasker.framework */; };
		C12760D915850DCA0129D730 /* Pods_TaskerTests.framework in Frameworks */ = {isa = PBXBuildFile; fileRef = 0A7FF1ED2274B68F1A4AB502 /* Pods_TaskerTests.framework */; };
/* End PBXBuildFile section */

/* Begin PBXContainerItemProxy section */
		753EFCB12445A24700A739E3 /* PBXContainerItemProxy */ = {
			isa = PBXContainerItemProxy;
			containerPortal = 753EFC922445A24500A739E3 /* Project object */;
			proxyType = 1;
			remoteGlobalIDString = 753EFC992445A24500A739E3;
			remoteInfo = "To Do List";
		};
		753EFCBC2445A24800A739E3 /* PBXContainerItemProxy */ = {
			isa = PBXContainerItemProxy;
			containerPortal = 753EFC922445A24500A739E3 /* Project object */;
			proxyType = 1;
			remoteGlobalIDString = 753EFC992445A24500A739E3;
			remoteInfo = "To Do List";
		};
/* End PBXContainerItemProxy section */

/* Begin PBXFileReference section */
		0A7FF1ED2274B68F1A4AB502 /* Pods_TaskerTests.framework */ = {isa = PBXFileReference; explicitFileType = wrapper.framework; includeInIndex = 0; path = Pods_TaskerTests.framework; sourceTree = BUILT_PRODUCTS_DIR; };
		40459E85A85A0D9EB66A9A0A /* Pods_Tasker.framework */ = {isa = PBXFileReference; explicitFileType = wrapper.framework; includeInIndex = 0; path = Pods_Tasker.framework; sourceTree = BUILT_PRODUCTS_DIR; };
		6BF8ED94E4ADC11271F5ED5F /* Pods-TaskerTests.release.xcconfig */ = {isa = PBXFileReference; includeInIndex = 1; lastKnownFileType = text.xcconfig; name = "Pods-TaskerTests.release.xcconfig"; path = "Target Support Files/Pods-TaskerTests/Pods-TaskerTests.release.xcconfig"; sourceTree = "<group>"; };
		70E79140E336ABD37FA3BDBB /* Pods-Tasker.release.xcconfig */ = {isa = PBXFileReference; includeInIndex = 1; lastKnownFileType = text.xcconfig; name = "Pods-Tasker.release.xcconfig"; path = "Target Support Files/Pods-Tasker/Pods-Tasker.release.xcconfig"; sourceTree = "<group>"; };
		750F9ED62685C01E00C008C4 /* GoogleService-Info.plist */ = {isa = PBXFileReference; fileEncoding = 4; lastKnownFileType = text.plist.xml; path = "GoogleService-Info.plist"; sourceTree = "<group>"; };
		750F9EDA2685CC9500C008C4 /* This Day.entitlements */ = {isa = PBXFileReference; lastKnownFileType = text.plist.entitlements; path = "This Day.entitlements"; sourceTree = "<group>"; };
		750F9EDB2685CC9F00C008C4 /* CloudKit.framework */ = {isa = PBXFileReference; lastKnownFileType = wrapper.framework; name = CloudKit.framework; path = System/Library/Frameworks/CloudKit.framework; sourceTree = SDKROOT; };
		750F9EDE2685D7A400C008C4 /* TaskModel.xcdatamodel */ = {isa = PBXFileReference; lastKnownFileType = wrapper.xcdatamodel; path = TaskModel.xcdatamodel; sourceTree = "<group>"; };
		7513BA312687C40500F8CCE0 /* SettingsBackdrop.swift */ = {isa = PBXFileReference; lastKnownFileType = sourcecode.swift; path = SettingsBackdrop.swift; sourceTree = "<group>"; };
		7524B71A2DE4EAC90026D865 /* GoogleService-Info.plist */ = {isa = PBXFileReference; lastKnownFileType = text.plist.xml; path = "GoogleService-Info.plist"; sourceTree = "<group>"; };
		7537B62224A2AF0800B978E5 /* NewProjectViewController.swift */ = {isa = PBXFileReference; lastKnownFileType = sourcecode.swift; path = NewProjectViewController.swift; sourceTree = "<group>"; };
		7539AAB82DE988C900619EDD /* TaskDetailView.swift */ = {isa = PBXFileReference; lastKnownFileType = sourcecode.swift; path = TaskDetailView.swift; sourceTree = "<group>"; };
		753EFC9A2445A24500A739E3 /* This Day.app */ = {isa = PBXFileReference; explicitFileType = wrapper.application; includeInIndex = 0; path = "This Day.app"; sourceTree = BUILT_PRODUCTS_DIR; };
		753EFC9D2445A24500A739E3 /* AppDelegate.swift */ = {isa = PBXFileReference; lastKnownFileType = sourcecode.swift; path = AppDelegate.swift; sourceTree = "<group>"; };
		753EFC9F2445A24500A739E3 /* SceneDelegate.swift */ = {isa = PBXFileReference; lastKnownFileType = sourcecode.swift; path = SceneDelegate.swift; sourceTree = "<group>"; };
		753EFCA12445A24500A739E3 /* HomeViewController.swift */ = {isa = PBXFileReference; lastKnownFileType = sourcecode.swift; path = HomeViewController.swift; sourceTree = "<group>"; };
		753EFCA42445A24500A739E3 /* Base */ = {isa = PBXFileReference; lastKnownFileType = file.storyboard; name = Base; path = Base.lproj/Main.storyboard; sourceTree = "<group>"; };
		753EFCA62445A24700A739E3 /* Assets.xcassets */ = {isa = PBXFileReference; lastKnownFileType = folder.assetcatalog; path = Assets.xcassets; sourceTree = "<group>"; };
		753EFCA92445A24700A739E3 /* Base */ = {isa = PBXFileReference; lastKnownFileType = file.storyboard; name = Base; path = Base.lproj/LaunchScreen.storyboard; sourceTree = "<group>"; };
		753EFCAB2445A24700A739E3 /* Info.plist */ = {isa = PBXFileReference; lastKnownFileType = text.plist.xml; path = Info.plist; sourceTree = "<group>"; };
		753EFCB02445A24700A739E3 /* TaskerTests.xctest */ = {isa = PBXFileReference; explicitFileType = wrapper.cfbundle; includeInIndex = 0; path = TaskerTests.xctest; sourceTree = BUILT_PRODUCTS_DIR; };
		753EFCB42445A24700A739E3 /* To_Do_ListTests.swift */ = {isa = PBXFileReference; lastKnownFileType = sourcecode.swift; path = To_Do_ListTests.swift; sourceTree = "<group>"; };
		753EFCB62445A24800A739E3 /* Info.plist */ = {isa = PBXFileReference; lastKnownFileType = text.plist.xml; path = Info.plist; sourceTree = "<group>"; };
		753EFCBB2445A24800A739E3 /* TaskerUITests.xctest */ = {isa = PBXFileReference; explicitFileType = wrapper.cfbundle; includeInIndex = 0; path = TaskerUITests.xctest; sourceTree = BUILT_PRODUCTS_DIR; };
		753EFCBF2445A24800A739E3 /* To_Do_ListUITests.swift */ = {isa = PBXFileReference; lastKnownFileType = sourcecode.swift; path = To_Do_ListUITests.swift; sourceTree = "<group>"; };
		753EFCC12445A24800A739E3 /* Info.plist */ = {isa = PBXFileReference; lastKnownFileType = text.plist.xml; path = Info.plist; sourceTree = "<group>"; };
		7551D9FF24880D8E005CF826 /* AddTaskBackdropView.swift */ = {isa = PBXFileReference; lastKnownFileType = sourcecode.swift; path = AddTaskBackdropView.swift; sourceTree = "<group>"; };
		7551DA0124880DAC005CF826 /* AddTaskForedropView.swift */ = {isa = PBXFileReference; lastKnownFileType = sourcecode.swift; path = AddTaskForedropView.swift; sourceTree = "<group>"; };
		7551DA0324882A78005CF826 /* AddTaskViewController.swift */ = {isa = PBXFileReference; lastKnownFileType = sourcecode.swift; path = AddTaskViewController.swift; sourceTree = "<group>"; };
		7551DA0524882E94005CF826 /* ToDoFont.swift */ = {isa = PBXFileReference; lastKnownFileType = sourcecode.swift; path = ToDoFont.swift; sourceTree = "<group>"; };
		7551DA08248832BE005CF826 /* ToDoTimeUtils.swift */ = {isa = PBXFileReference; lastKnownFileType = sourcecode.swift; path = ToDoTimeUtils.swift; sourceTree = "<group>"; };
		7551DA0A24883478005CF826 /* AddTaskCalendarExtention.swift */ = {isa = PBXFileReference; lastKnownFileType = sourcecode.swift; path = AddTaskCalendarExtention.swift; sourceTree = "<group>"; };
		75573CAE2DE88A8000F5A873 /* SettingsView.swift */ = {isa = PBXFileReference; lastKnownFileType = sourcecode.swift; path = SettingsView.swift; sourceTree = "<group>"; };
		75573CB22DE8954500F5A873 /* ProjectManagementView.swift */ = {isa = PBXFileReference; lastKnownFileType = sourcecode.swift; path = ProjectManagementView.swift; sourceTree = "<group>"; };
		755FE8D62479159200A71A75 /* HomeCalendarExtention.swift */ = {isa = PBXFileReference; lastKnownFileType = sourcecode.swift; path = HomeCalendarExtention.swift; sourceTree = "<group>"; };
		755FE8D82479169400A71A75 /* ToDoList.swift */ = {isa = PBXFileReference; lastKnownFileType = sourcecode.swift; path = ToDoList.swift; sourceTree = "<group>"; };
		755FE8DB2479220700A71A75 /* LineChart.swift */ = {isa = PBXFileReference; lastKnownFileType = sourcecode.swift; path = LineChart.swift; sourceTree = "<group>"; };
		755FE8DD2479227A00A71A75 /* TinyPieChart.swift */ = {isa = PBXFileReference; lastKnownFileType = sourcecode.swift; path = TinyPieChart.swift; sourceTree = "<group>"; };
		755FE8E12479EA5300A71A75 /* RippleDelegate.swift */ = {isa = PBXFileReference; lastKnownFileType = sourcecode.swift; path = RippleDelegate.swift; sourceTree = "<group>"; };
		758A803F2450BFA300BFB571 /* InboxViewController.swift */ = {isa = PBXFileReference; lastKnownFileType = sourcecode.swift; path = InboxViewController.swift; sourceTree = "<group>"; };
		758A80632451E86E00BFB571 /* WeeklyViewController.swift */ = {isa = PBXFileReference; lastKnownFileType = sourcecode.swift; path = WeeklyViewController.swift; sourceTree = "<group>"; };
		758D4D7724A93FB300AB57A8 /* ProjectManager.swift */ = {isa = PBXFileReference; lastKnownFileType = sourcecode.swift; path = ProjectManager.swift; sourceTree = "<group>"; };
		758D4D7924A940BD00AB57A8 /* Projects+CoreDataProperties.swift */ = {isa = PBXFileReference; lastKnownFileType = sourcecode.swift; name = "Projects+CoreDataProperties.swift"; path = "/Users/saransh1337/Developer/Projects/Tasker/Projects+CoreDataProperties.swift"; sourceTree = "<absolute>"; };
		758D4D7B24A940C300AB57A8 /* Projects+CoreDataClass.swift */ = {isa = PBXFileReference; lastKnownFileType = sourcecode.swift; name = "Projects+CoreDataClass.swift"; path = "/Users/saransh1337/Developer/Projects/Tasker/Projects+CoreDataClass.swift"; sourceTree = "<absolute>"; };
		758D4D7D24AA67F900AB57A8 /* HomeDrawerFilterView.swift */ = {isa = PBXFileReference; lastKnownFileType = sourcecode.swift; path = HomeDrawerFilterView.swift; sourceTree = "<group>"; };
		758D4D7F24AB20F000AB57A8 /* ToDoListData.swift */ = {isa = PBXFileReference; lastKnownFileType = sourcecode.swift; path = ToDoListData.swift; sourceTree = "<group>"; };
		758D4D8124ABA4A600AB57A8 /* TableViewCellSampleData.swift */ = {isa = PBXFileReference; lastKnownFileType = sourcecode.swift; path = TableViewCellSampleData.swift; sourceTree = "<group>"; };
		758D4D8524ABA7CE00AB57A8 /* FluentUIFramework.swift */ = {isa = PBXFileReference; lastKnownFileType = sourcecode.swift; path = FluentUIFramework.swift; sourceTree = "<group>"; };
		759F18F82468B70200293A32 /* NAddTaskScreen.swift */ = {isa = PBXFileReference; fileEncoding = 4; lastKnownFileType = sourcecode.swift; path = NAddTaskScreen.swift; sourceTree = "<group>"; };
		75A400FC248C57DC002F0E7A /* ToDoAnimations.swift */ = {isa = PBXFileReference; lastKnownFileType = sourcecode.swift; path = ToDoAnimations.swift; sourceTree = "<group>"; };
		75B7121C246AFF5B00453AEC /* UpcominngTasksViewController.swift */ = {isa = PBXFileReference; lastKnownFileType = sourcecode.swift; path = UpcominngTasksViewController.swift; sourceTree = "<group>"; };
		75C7B8202454DABC00C61668 /* SettingsPageViewController.swift */ = {isa = PBXFileReference; lastKnownFileType = sourcecode.swift; path = SettingsPageViewController.swift; sourceTree = "<group>"; };
		75F18101245C99CD004D9A69 /* TaskModel.xcdatamodel */ = {isa = PBXFileReference; lastKnownFileType = wrapper.xcdatamodel; path = TaskModel.xcdatamodel; sourceTree = "<group>"; };
		75F18105245CA0BC004D9A69 /* Task.swift */ = {isa = PBXFileReference; lastKnownFileType = sourcecode.swift; path = Task.swift; sourceTree = "<group>"; };
		75F18107245CA229004D9A69 /* TaskManager.swift */ = {isa = PBXFileReference; lastKnownFileType = sourcecode.swift; path = TaskManager.swift; sourceTree = "<group>"; };
		75F18109245CA7DF004D9A69 /* NTask+CoreDataClass.swift */ = {isa = PBXFileReference; lastKnownFileType = sourcecode.swift; name = "NTask+CoreDataClass.swift"; path = "To Do List/NTask+CoreDataClass.swift"; sourceTree = "<group>"; };
		75F1810A245CA7DF004D9A69 /* NTask+CoreDataProperties.swift */ = {isa = PBXFileReference; lastKnownFileType = sourcecode.swift; name = "NTask+CoreDataProperties.swift"; path = "To Do List/NTask+CoreDataProperties.swift"; sourceTree = "<group>"; };
		75F9937124815BF600C340EB /* ToDoColors.swift */ = {isa = PBXFileReference; lastKnownFileType = sourcecode.swift; path = ToDoColors.swift; sourceTree = "<group>"; };
		75F993732482487C00C340EB /* HomeBackdropView.swift */ = {isa = PBXFileReference; lastKnownFileType = sourcecode.swift; path = HomeBackdropView.swift; sourceTree = "<group>"; };
		75F993792483764C00C340EB /* DayAxisValueFormatter.swift */ = {isa = PBXFileReference; lastKnownFileType = sourcecode.swift; path = DayAxisValueFormatter.swift; sourceTree = "<group>"; };
		75F9937B2485994E00C340EB /* HomeForedropView.swift */ = {isa = PBXFileReference; lastKnownFileType = sourcecode.swift; path = HomeForedropView.swift; sourceTree = "<group>"; };
		75F9937D24859ADB00C340EB /* HomeBottomBarView.swift */ = {isa = PBXFileReference; lastKnownFileType = sourcecode.swift; path = HomeBottomBarView.swift; sourceTree = "<group>"; };
		75F9937F2485B04200C340EB /* Score.swift */ = {isa = PBXFileReference; lastKnownFileType = sourcecode.swift; path = Score.swift; sourceTree = "<group>"; };
		AB45C206092975A04EE2A82A /* Pods-TaskerTests.debug.xcconfig */ = {isa = PBXFileReference; includeInIndex = 1; lastKnownFileType = text.xcconfig; name = "Pods-TaskerTests.debug.xcconfig"; path = "Target Support Files/Pods-TaskerTests/Pods-TaskerTests.debug.xcconfig"; sourceTree = "<group>"; };
		F837BE66F7CA53E0AE4E489A /* Pods-Tasker.debug.xcconfig */ = {isa = PBXFileReference; includeInIndex = 1; lastKnownFileType = text.xcconfig; name = "Pods-Tasker.debug.xcconfig"; path = "Target Support Files/Pods-Tasker/Pods-Tasker.debug.xcconfig"; sourceTree = "<group>"; };
/* End PBXFileReference section */

/* Begin PBXFrameworksBuildPhase section */
		753EFC972445A24500A739E3 /* Frameworks */ = {
			isa = PBXFrameworksBuildPhase;
			buildActionMask = 2147483647;
			files = (
				750F9EDC2685CC9F00C008C4 /* CloudKit.framework in Frameworks */,
				A882C59AE0A2535663700E61 /* Pods_Tasker.framework in Frameworks */,
			);
			runOnlyForDeploymentPostprocessing = 0;
		};
		753EFCAD2445A24700A739E3 /* Frameworks */ = {
			isa = PBXFrameworksBuildPhase;
			buildActionMask = 2147483647;
			files = (
				C12760D915850DCA0129D730 /* Pods_TaskerTests.framework in Frameworks */,
			);
			runOnlyForDeploymentPostprocessing = 0;
		};
		753EFCB82445A24800A739E3 /* Frameworks */ = {
			isa = PBXFrameworksBuildPhase;
			buildActionMask = 2147483647;
			files = (
			);
			runOnlyForDeploymentPostprocessing = 0;
		};
/* End PBXFrameworksBuildPhase section */

/* Begin PBXGroup section */
		031AB8D26C533B56B12C3D36 /* Frameworks */ = {
			isa = PBXGroup;
			children = (
				750F9EDB2685CC9F00C008C4 /* CloudKit.framework */,
				40459E85A85A0D9EB66A9A0A /* Pods_Tasker.framework */,
				0A7FF1ED2274B68F1A4AB502 /* Pods_TaskerTests.framework */,
			);
			name = Frameworks;
			sourceTree = "<group>";
		};
		4FE34C754CBE9463FD207EED /* Pods */ = {
			isa = PBXGroup;
			children = (
				F837BE66F7CA53E0AE4E489A /* Pods-Tasker.debug.xcconfig */,
				70E79140E336ABD37FA3BDBB /* Pods-Tasker.release.xcconfig */,
				AB45C206092975A04EE2A82A /* Pods-TaskerTests.debug.xcconfig */,
				6BF8ED94E4ADC11271F5ED5F /* Pods-TaskerTests.release.xcconfig */,
			);
			path = Pods;
			sourceTree = "<group>";
		};
		753EFC912445A24500A739E3 = {
			isa = PBXGroup;
			children = (
				750F9EDD2685D7A400C008C4 /* TaskModel.xcdatamodeld */,
				750F9EDA2685CC9500C008C4 /* This Day.entitlements */,
				758D4D7B24A940C300AB57A8 /* Projects+CoreDataClass.swift */,
				758D4D7924A940BD00AB57A8 /* Projects+CoreDataProperties.swift */,
				75F18109245CA7DF004D9A69 /* NTask+CoreDataClass.swift */,
				75F1810A245CA7DF004D9A69 /* NTask+CoreDataProperties.swift */,
				753EFC9C2445A24500A739E3 /* To Do List */,
				753EFCB32445A24700A739E3 /* To Do ListTests */,
				753EFCBE2445A24800A739E3 /* To Do ListUITests */,
				753EFC9B2445A24500A739E3 /* Products */,
				4FE34C754CBE9463FD207EED /* Pods */,
				031AB8D26C533B56B12C3D36 /* Frameworks */,
				7524B71A2DE4EAC90026D865 /* GoogleService-Info.plist */,
			);
			sourceTree = "<group>";
		};
		753EFC9B2445A24500A739E3 /* Products */ = {
			isa = PBXGroup;
			children = (
				753EFC9A2445A24500A739E3 /* This Day.app */,
				753EFCB02445A24700A739E3 /* TaskerTests.xctest */,
				753EFCBB2445A24800A739E3 /* TaskerUITests.xctest */,
			);
			name = Products;
			sourceTree = "<group>";
		};
		753EFC9C2445A24500A739E3 /* To Do List */ = {
			isa = PBXGroup;
			children = (
				750F9ED62685C01E00C008C4 /* GoogleService-Info.plist */,
				7551DA0724883298005CF826 /* Utils */,
				755FE8DF2479E60200A71A75 /* View */,
				75B7121B246AF77000453AEC /* Model */,
				75B7121A246AF74E00453AEC /* ViewControllers */,
				75B71219246AF70300453AEC /* Storyboards */,
				75F18100245C99CD004D9A69 /* TaskModel.xcdatamodeld */,
				753EFC9D2445A24500A739E3 /* AppDelegate.swift */,
				753EFC9F2445A24500A739E3 /* SceneDelegate.swift */,
				753EFCA62445A24700A739E3 /* Assets.xcassets */,
				753EFCAB2445A24700A739E3 /* Info.plist */,
			);
			path = "To Do List";
			sourceTree = "<group>";
		};
		753EFCB32445A24700A739E3 /* To Do ListTests */ = {
			isa = PBXGroup;
			children = (
				753EFCB42445A24700A739E3 /* To_Do_ListTests.swift */,
				753EFCB62445A24800A739E3 /* Info.plist */,
			);
			path = "To Do ListTests";
			sourceTree = "<group>";
		};
		753EFCBE2445A24800A739E3 /* To Do ListUITests */ = {
			isa = PBXGroup;
			children = (
				753EFCBF2445A24800A739E3 /* To_Do_ListUITests.swift */,
				753EFCC12445A24800A739E3 /* Info.plist */,
			);
			path = "To Do ListUITests";
			sourceTree = "<group>";
		};
		7551DA0724883298005CF826 /* Utils */ = {
			isa = PBXGroup;
			children = (
				7551DA08248832BE005CF826 /* ToDoTimeUtils.swift */,
			);
			path = Utils;
			sourceTree = "<group>";
		};
		755FE8D52479154B00A71A75 /* Delegates */ = {
			isa = PBXGroup;
			children = (
				755FE8D62479159200A71A75 /* HomeCalendarExtention.swift */,
				7551DA0A24883478005CF826 /* AddTaskCalendarExtention.swift */,
				755FE8D82479169400A71A75 /* ToDoList.swift */,
				75F9937F2485B04200C340EB /* Score.swift */,
			);
			path = Delegates;
			sourceTree = "<group>";
		};
		755FE8DA247921E200A71A75 /* Charts */ = {
			isa = PBXGroup;
			children = (
				755FE8DB2479220700A71A75 /* LineChart.swift */,
				755FE8DD2479227A00A71A75 /* TinyPieChart.swift */,
				75F993792483764C00C340EB /* DayAxisValueFormatter.swift */,
			);
			path = Charts;
			sourceTree = "<group>";
		};
		755FE8DF2479E60200A71A75 /* View */ = {
			isa = PBXGroup;
			children = (
				75F9937524824E7E00C340EB /* Animation */,
				755FE8E02479E61600A71A75 /* Theme */,
				75F993732482487C00C340EB /* HomeBackdropView.swift */,
				75F9937B2485994E00C340EB /* HomeForedropView.swift */,
				75F9937D24859ADB00C340EB /* HomeBottomBarView.swift */,
				758D4D7D24AA67F900AB57A8 /* HomeDrawerFilterView.swift */,
				7551D9FF24880D8E005CF826 /* AddTaskBackdropView.swift */,
				7513BA312687C40500F8CCE0 /* SettingsBackdrop.swift */,
				7551DA0124880DAC005CF826 /* AddTaskForedropView.swift */,
				75573CAE2DE88A8000F5A873 /* SettingsView.swift */,
				75573CB22DE8954500F5A873 /* ProjectManagementView.swift */,
				7539AAB82DE988C900619EDD /* TaskDetailView.swift */,
			);
			path = View;
			sourceTree = "<group>";
		};
		755FE8E02479E61600A71A75 /* Theme */ = {
			isa = PBXGroup;
			children = (
				755FE8E12479EA5300A71A75 /* RippleDelegate.swift */,
				75F9937124815BF600C340EB /* ToDoColors.swift */,
				7551DA0524882E94005CF826 /* ToDoFont.swift */,
				758D4D8524ABA7CE00AB57A8 /* FluentUIFramework.swift */,
			);
			path = Theme;
			sourceTree = "<group>";
		};
		75B71219246AF70300453AEC /* Storyboards */ = {
			isa = PBXGroup;
			children = (
				753EFCA82445A24700A739E3 /* LaunchScreen.storyboard */,
				753EFCA32445A24500A739E3 /* Main.storyboard */,
			);
			path = Storyboards;
			sourceTree = "<group>";
		};
		75B7121A246AF74E00453AEC /* ViewControllers */ = {
			isa = PBXGroup;
			children = (
				755FE8DA247921E200A71A75 /* Charts */,
				755FE8D52479154B00A71A75 /* Delegates */,
				75F18107245CA229004D9A69 /* TaskManager.swift */,
				758D4D7724A93FB300AB57A8 /* ProjectManager.swift */,
				753EFCA12445A24500A739E3 /* HomeViewController.swift */,
				7551DA0324882A78005CF826 /* AddTaskViewController.swift */,
				75C7B8202454DABC00C61668 /* SettingsPageViewController.swift */,
				758D4D7F24AB20F000AB57A8 /* ToDoListData.swift */,
				7537B62224A2AF0800B978E5 /* NewProjectViewController.swift */,
				75B7121C246AFF5B00453AEC /* UpcominngTasksViewController.swift */,
				759F18F82468B70200293A32 /* NAddTaskScreen.swift */,
				758A80632451E86E00BFB571 /* WeeklyViewController.swift */,
				758A803F2450BFA300BFB571 /* InboxViewController.swift */,
				758D4D8124ABA4A600AB57A8 /* TableViewCellSampleData.swift */,
			);
			path = ViewControllers;
			sourceTree = "<group>";
		};
		75B7121B246AF77000453AEC /* Model */ = {
			isa = PBXGroup;
			children = (
				75F18105245CA0BC004D9A69 /* Task.swift */,
			);
			path = Model;
			sourceTree = "<group>";
		};
		75F9937524824E7E00C340EB /* Animation */ = {
			isa = PBXGroup;
			children = (
				75A400FC248C57DC002F0E7A /* ToDoAnimations.swift */,
			);
			path = Animation;
			sourceTree = "<group>";
		};
/* End PBXGroup section */

/* Begin PBXNativeTarget section */
		753EFC992445A24500A739E3 /* Tasker */ = {
			isa = PBXNativeTarget;
			buildConfigurationList = 753EFCC42445A24800A739E3 /* Build configuration list for PBXNativeTarget "Tasker" */;
			buildPhases = (
				8107870B91DE291AC1FFCD5A /* [CP] Check Pods Manifest.lock */,
				753EFC962445A24500A739E3 /* Sources */,
				753EFC972445A24500A739E3 /* Frameworks */,
				753EFC982445A24500A739E3 /* Resources */,
				A3F93BA1D1387CD692F7B1F4 /* [CP] Embed Pods Frameworks */,
			);
			buildRules = (
			);
			dependencies = (
			);
			name = Tasker;
			productName = "To Do List";
			productReference = 753EFC9A2445A24500A739E3 /* This Day.app */;
			productType = "com.apple.product-type.application";
		};
		753EFCAF2445A24700A739E3 /* TaskerTests */ = {
			isa = PBXNativeTarget;
			buildConfigurationList = 753EFCC72445A24800A739E3 /* Build configuration list for PBXNativeTarget "TaskerTests" */;
			buildPhases = (
				EF1CB769FAFA9FD6DAFB16C3 /* [CP] Check Pods Manifest.lock */,
				753EFCAC2445A24700A739E3 /* Sources */,
				753EFCAD2445A24700A739E3 /* Frameworks */,
				753EFCAE2445A24700A739E3 /* Resources */,
			);
			buildRules = (
			);
			dependencies = (
				753EFCB22445A24700A739E3 /* PBXTargetDependency */,
			);
			name = TaskerTests;
			productName = "To Do ListTests";
			productReference = 753EFCB02445A24700A739E3 /* TaskerTests.xctest */;
			productType = "com.apple.product-type.bundle.unit-test";
		};
		753EFCBA2445A24800A739E3 /* TaskerUITests */ = {
			isa = PBXNativeTarget;
			buildConfigurationList = 753EFCCA2445A24800A739E3 /* Build configuration list for PBXNativeTarget "TaskerUITests" */;
			buildPhases = (
				753EFCB72445A24800A739E3 /* Sources */,
				753EFCB82445A24800A739E3 /* Frameworks */,
				753EFCB92445A24800A739E3 /* Resources */,
			);
			buildRules = (
			);
			dependencies = (
				753EFCBD2445A24800A739E3 /* PBXTargetDependency */,
			);
			name = TaskerUITests;
			productName = "To Do ListUITests";
			productReference = 753EFCBB2445A24800A739E3 /* TaskerUITests.xctest */;
			productType = "com.apple.product-type.bundle.ui-testing";
		};
/* End PBXNativeTarget section */

/* Begin PBXProject section */
		753EFC922445A24500A739E3 /* Project object */ = {
			isa = PBXProject;
			attributes = {
				LastSwiftUpdateCheck = 1130;
				LastUpgradeCheck = 1250;
				ORGANIZATIONNAME = saransh1337;
				TargetAttributes = {
					753EFC992445A24500A739E3 = {
						CreatedOnToolsVersion = 11.3.1;
					};
					753EFCAF2445A24700A739E3 = {
						CreatedOnToolsVersion = 11.3.1;
						TestTargetID = 753EFC992445A24500A739E3;
					};
					753EFCBA2445A24800A739E3 = {
						CreatedOnToolsVersion = 11.3.1;
						TestTargetID = 753EFC992445A24500A739E3;
					};
				};
			};
			buildConfigurationList = 753EFC952445A24500A739E3 /* Build configuration list for PBXProject "Tasker" */;
			compatibilityVersion = "Xcode 9.3";
			developmentRegion = en;
			hasScannedForEncodings = 0;
			knownRegions = (
				en,
				Base,
			);
			mainGroup = 753EFC912445A24500A739E3;
			productRefGroup = 753EFC9B2445A24500A739E3 /* Products */;
			projectDirPath = "";
			projectRoot = "";
			targets = (
				753EFC992445A24500A739E3 /* Tasker */,
				753EFCAF2445A24700A739E3 /* TaskerTests */,
				753EFCBA2445A24800A739E3 /* TaskerUITests */,
			);
		};
/* End PBXProject section */

/* Begin PBXResourcesBuildPhase section */
		753EFC982445A24500A739E3 /* Resources */ = {
			isa = PBXResourcesBuildPhase;
			buildActionMask = 2147483647;
			files = (
				753EFCAA2445A24700A739E3 /* LaunchScreen.storyboard in Resources */,
				7524B71B2DE4EAC90026D865 /* GoogleService-Info.plist in Resources */,
				753EFCA72445A24700A739E3 /* Assets.xcassets in Resources */,
				753EFCA52445A24500A739E3 /* Main.storyboard in Resources */,
			);
			runOnlyForDeploymentPostprocessing = 0;
		};
		753EFCAE2445A24700A739E3 /* Resources */ = {
			isa = PBXResourcesBuildPhase;
			buildActionMask = 2147483647;
			files = (
				750F9ED82685C01E00C008C4 /* GoogleService-Info.plist in Resources */,
			);
			runOnlyForDeploymentPostprocessing = 0;
		};
		753EFCB92445A24800A739E3 /* Resources */ = {
			isa = PBXResourcesBuildPhase;
			buildActionMask = 2147483647;
			files = (
				750F9ED92685C01E00C008C4 /* GoogleService-Info.plist in Resources */,
			);
			runOnlyForDeploymentPostprocessing = 0;
		};
/* End PBXResourcesBuildPhase section */

/* Begin PBXShellScriptBuildPhase section */
		8107870B91DE291AC1FFCD5A /* [CP] Check Pods Manifest.lock */ = {
			isa = PBXShellScriptBuildPhase;
			buildActionMask = 2147483647;
			files = (
			);
			inputFileListPaths = (
			);
			inputPaths = (
				"${PODS_PODFILE_DIR_PATH}/Podfile.lock",
				"${PODS_ROOT}/Manifest.lock",
			);
			name = "[CP] Check Pods Manifest.lock";
			outputFileListPaths = (
			);
			outputPaths = (
				"$(DERIVED_FILE_DIR)/Pods-Tasker-checkManifestLockResult.txt",
			);
			runOnlyForDeploymentPostprocessing = 0;
			shellPath = /bin/sh;
			shellScript = "diff \"${PODS_PODFILE_DIR_PATH}/Podfile.lock\" \"${PODS_ROOT}/Manifest.lock\" > /dev/null\nif [ $? != 0 ] ; then\n    # print error to STDERR\n    echo \"error: The sandbox is not in sync with the Podfile.lock. Run 'pod install' or update your CocoaPods installation.\" >&2\n    exit 1\nfi\n# This output is used by Xcode 'outputs' to avoid re-running this script phase.\necho \"SUCCESS\" > \"${SCRIPT_OUTPUT_FILE_0}\"\n";
			showEnvVarsInLog = 0;
		};
		A3F93BA1D1387CD692F7B1F4 /* [CP] Embed Pods Frameworks */ = {
			isa = PBXShellScriptBuildPhase;
			buildActionMask = 2147483647;
			files = (
			);
			inputFileListPaths = (
				"${PODS_ROOT}/Target Support Files/Pods-Tasker/Pods-Tasker-frameworks-${CONFIGURATION}-input-files.xcfilelist",
			);
			inputPaths = (
			);
			name = "[CP] Embed Pods Frameworks";
			outputFileListPaths = (
				"${PODS_ROOT}/Target Support Files/Pods-Tasker/Pods-Tasker-frameworks-${CONFIGURATION}-output-files.xcfilelist",
			);
			outputPaths = (
			);
			runOnlyForDeploymentPostprocessing = 0;
			shellPath = /bin/sh;
			shellScript = "\"${PODS_ROOT}/Target Support Files/Pods-Tasker/Pods-Tasker-frameworks.sh\"\n";
			showEnvVarsInLog = 0;
		};
		EF1CB769FAFA9FD6DAFB16C3 /* [CP] Check Pods Manifest.lock */ = {
			isa = PBXShellScriptBuildPhase;
			buildActionMask = 2147483647;
			files = (
			);
			inputFileListPaths = (
			);
			inputPaths = (
				"${PODS_PODFILE_DIR_PATH}/Podfile.lock",
				"${PODS_ROOT}/Manifest.lock",
			);
			name = "[CP] Check Pods Manifest.lock";
			outputFileListPaths = (
			);
			outputPaths = (
				"$(DERIVED_FILE_DIR)/Pods-TaskerTests-checkManifestLockResult.txt",
			);
			runOnlyForDeploymentPostprocessing = 0;
			shellPath = /bin/sh;
			shellScript = "diff \"${PODS_PODFILE_DIR_PATH}/Podfile.lock\" \"${PODS_ROOT}/Manifest.lock\" > /dev/null\nif [ $? != 0 ] ; then\n    # print error to STDERR\n    echo \"error: The sandbox is not in sync with the Podfile.lock. Run 'pod install' or update your CocoaPods installation.\" >&2\n    exit 1\nfi\n# This output is used by Xcode 'outputs' to avoid re-running this script phase.\necho \"SUCCESS\" > \"${SCRIPT_OUTPUT_FILE_0}\"\n";
			showEnvVarsInLog = 0;
		};
/* End PBXShellScriptBuildPhase section */

/* Begin PBXSourcesBuildPhase section */
		753EFC962445A24500A739E3 /* Sources */ = {
			isa = PBXSourcesBuildPhase;
			buildActionMask = 2147483647;
			files = (
				75F1810B245CA7DF004D9A69 /* NTask+CoreDataClass.swift in Sources */,
				75F1810C245CA7DF004D9A69 /* NTask+CoreDataProperties.swift in Sources */,
				75F18102245C99CD004D9A69 /* TaskModel.xcdatamodeld in Sources */,
				758D4D7C24A940C300AB57A8 /* Projects+CoreDataClass.swift in Sources */,
				758D4D7A24A940BD00AB57A8 /* Projects+CoreDataProperties.swift in Sources */,
				75C7B8212454DABC00C61668 /* SettingsPageViewController.swift in Sources */,
				758D4D8224ABA4A600AB57A8 /* TableViewCellSampleData.swift in Sources */,
				7551DA09248832BE005CF826 /* ToDoTimeUtils.swift in Sources */,
				758A80402450BFA300BFB571 /* InboxViewController.swift in Sources */,
				7551DA0B24883478005CF826 /* AddTaskCalendarExtention.swift in Sources */,
				750F9EDF2685D7A400C008C4 /* TaskModel.xcdatamodeld in Sources */,
				75F9937C2485994E00C340EB /* HomeForedropView.swift in Sources */,
				753EFCA22445A24500A739E3 /* HomeViewController.swift in Sources */,
				75F993802485B04200C340EB /* Score.swift in Sources */,
				755FE8D72479159200A71A75 /* HomeCalendarExtention.swift in Sources */,
				7513BA322687C40500F8CCE0 /* SettingsBackdrop.swift in Sources */,
				755FE8DC2479220700A71A75 /* LineChart.swift in Sources */,
				75F18106245CA0BC004D9A69 /* Task.swift in Sources */,
				758D4D7824A93FB300AB57A8 /* ProjectManager.swift in Sources */,
				75F993742482487C00C340EB /* HomeBackdropView.swift in Sources */,
				75F9937A2483764C00C340EB /* DayAxisValueFormatter.swift in Sources */,
				75573CAF2DE88A8000F5A873 /* SettingsView.swift in Sources */,
				753EFC9E2445A24500A739E3 /* AppDelegate.swift in Sources */,
				758D4D8624ABA7CE00AB57A8 /* FluentUIFramework.swift in Sources */,
				758D4D8024AB20F000AB57A8 /* ToDoListData.swift in Sources */,
				75F18108245CA229004D9A69 /* TaskManager.swift in Sources */,
				7551DA0224880DAC005CF826 /* AddTaskForedropView.swift in Sources */,
				75573CB42DE8954500F5A873 /* ProjectManagementView.swift in Sources */,
				7551DA0624882E94005CF826 /* ToDoFont.swift in Sources */,
				75B7121D246AFF5B00453AEC /* UpcominngTasksViewController.swift in Sources */,
				7551DA0024880D8E005CF826 /* AddTaskBackdropView.swift in Sources */,
				7551DA0424882A78005CF826 /* AddTaskViewController.swift in Sources */,
				755FE8DE2479227A00A71A75 /* TinyPieChart.swift in Sources */,
				7537B62324A2AF0800B978E5 /* NewProjectViewController.swift in Sources */,
				758D4D7E24AA67F900AB57A8 /* HomeDrawerFilterView.swift in Sources */,
				75F9937E24859ADB00C340EB /* HomeBottomBarView.swift in Sources */,
				7539AABB2DE988C900619EDD /* TaskDetailView.swift in Sources */,
				755FE8D92479169400A71A75 /* ToDoList.swift in Sources */,
				759F18F92468B70200293A32 /* NAddTaskScreen.swift in Sources */,
				758A80642451E86E00BFB571 /* WeeklyViewController.swift in Sources */,
				75F9937224815BF600C340EB /* ToDoColors.swift in Sources */,
				755FE8E22479EA5400A71A75 /* RippleDelegate.swift in Sources */,
				75A400FD248C57DD002F0E7A /* ToDoAnimations.swift in Sources */,
				753EFCA02445A24500A739E3 /* SceneDelegate.swift in Sources */,
			);
			runOnlyForDeploymentPostprocessing = 0;
		};
		753EFCAC2445A24700A739E3 /* Sources */ = {
			isa = PBXSourcesBuildPhase;
			buildActionMask = 2147483647;
			files = (
				750F9EE02685D7A400C008C4 /* TaskModel.xcdatamodeld in Sources */,
				75573CB32DE8954500F5A873 /* ProjectManagementView.swift in Sources */,
				7539AAB92DE988C900619EDD /* TaskDetailView.swift in Sources */,
				75573CB12DE88A8000F5A873 /* SettingsView.swift in Sources */,
				753EFCB52445A24700A739E3 /* To_Do_ListTests.swift in Sources */,
				7513BA332687C40500F8CCE0 /* SettingsBackdrop.swift in Sources */,
			);
			runOnlyForDeploymentPostprocessing = 0;
		};
		753EFCB72445A24800A739E3 /* Sources */ = {
			isa = PBXSourcesBuildPhase;
			buildActionMask = 2147483647;
			files = (
				750F9EE12685D7A400C008C4 /* TaskModel.xcdatamodeld in Sources */,
				75573CB52DE8954500F5A873 /* ProjectManagementView.swift in Sources */,
				7539AABA2DE988C900619EDD /* TaskDetailView.swift in Sources */,
				75573CB02DE88A8000F5A873 /* SettingsView.swift in Sources */,
				753EFCC02445A24800A739E3 /* To_Do_ListUITests.swift in Sources */,
				7513BA342687C40500F8CCE0 /* SettingsBackdrop.swift in Sources */,
			);
			runOnlyForDeploymentPostprocessing = 0;
		};
/* End PBXSourcesBuildPhase section */

/* Begin PBXTargetDependency section */
		753EFCB22445A24700A739E3 /* PBXTargetDependency */ = {
			isa = PBXTargetDependency;
			target = 753EFC992445A24500A739E3 /* Tasker */;
			targetProxy = 753EFCB12445A24700A739E3 /* PBXContainerItemProxy */;
		};
		753EFCBD2445A24800A739E3 /* PBXTargetDependency */ = {
			isa = PBXTargetDependency;
			target = 753EFC992445A24500A739E3 /* Tasker */;
			targetProxy = 753EFCBC2445A24800A739E3 /* PBXContainerItemProxy */;
		};
/* End PBXTargetDependency section */

/* Begin PBXVariantGroup section */
		753EFCA32445A24500A739E3 /* Main.storyboard */ = {
			isa = PBXVariantGroup;
			children = (
				753EFCA42445A24500A739E3 /* Base */,
			);
			name = Main.storyboard;
			sourceTree = "<group>";
		};
		753EFCA82445A24700A739E3 /* LaunchScreen.storyboard */ = {
			isa = PBXVariantGroup;
			children = (
				753EFCA92445A24700A739E3 /* Base */,
			);
			name = LaunchScreen.storyboard;
			sourceTree = "<group>";
		};
/* End PBXVariantGroup section */

/* Begin XCBuildConfiguration section */
		753EFCC22445A24800A739E3 /* Debug */ = {
			isa = XCBuildConfiguration;
			buildSettings = {
				ALWAYS_SEARCH_USER_PATHS = NO;
				CLANG_ANALYZER_NONNULL = YES;
				CLANG_ANALYZER_NUMBER_OBJECT_CONVERSION = YES_AGGRESSIVE;
				CLANG_CXX_LANGUAGE_STANDARD = "gnu++14";
				CLANG_CXX_LIBRARY = "libc++";
				CLANG_ENABLE_MODULES = YES;
				CLANG_ENABLE_OBJC_ARC = YES;
				CLANG_ENABLE_OBJC_WEAK = YES;
				CLANG_WARN_BLOCK_CAPTURE_AUTORELEASING = YES;
				CLANG_WARN_BOOL_CONVERSION = YES;
				CLANG_WARN_COMMA = YES;
				CLANG_WARN_CONSTANT_CONVERSION = YES;
				CLANG_WARN_DEPRECATED_OBJC_IMPLEMENTATIONS = YES;
				CLANG_WARN_DIRECT_OBJC_ISA_USAGE = YES_ERROR;
				CLANG_WARN_DOCUMENTATION_COMMENTS = YES;
				CLANG_WARN_EMPTY_BODY = YES;
				CLANG_WARN_ENUM_CONVERSION = YES;
				CLANG_WARN_INFINITE_RECURSION = YES;
				CLANG_WARN_INT_CONVERSION = YES;
				CLANG_WARN_NON_LITERAL_NULL_CONVERSION = YES;
				CLANG_WARN_OBJC_IMPLICIT_RETAIN_SELF = YES;
				CLANG_WARN_OBJC_LITERAL_CONVERSION = YES;
				CLANG_WARN_OBJC_ROOT_CLASS = YES_ERROR;
				CLANG_WARN_QUOTED_INCLUDE_IN_FRAMEWORK_HEADER = YES;
				CLANG_WARN_RANGE_LOOP_ANALYSIS = YES;
				CLANG_WARN_STRICT_PROTOTYPES = YES;
				CLANG_WARN_SUSPICIOUS_MOVE = YES;
				CLANG_WARN_UNGUARDED_AVAILABILITY = YES_AGGRESSIVE;
				CLANG_WARN_UNREACHABLE_CODE = YES;
				CLANG_WARN__DUPLICATE_METHOD_MATCH = YES;
				COPY_PHASE_STRIP = NO;
				DEBUG_INFORMATION_FORMAT = dwarf;
				ENABLE_STRICT_OBJC_MSGSEND = YES;
				ENABLE_TESTABILITY = YES;
				GCC_C_LANGUAGE_STANDARD = gnu11;
				GCC_DYNAMIC_NO_PIC = NO;
				GCC_NO_COMMON_BLOCKS = YES;
				GCC_OPTIMIZATION_LEVEL = 0;
				GCC_PREPROCESSOR_DEFINITIONS = (
					"DEBUG=1",
					"$(inherited)",
				);
				GCC_WARN_64_TO_32_BIT_CONVERSION = YES;
				GCC_WARN_ABOUT_RETURN_TYPE = YES_ERROR;
				GCC_WARN_UNDECLARED_SELECTOR = YES;
				GCC_WARN_UNINITIALIZED_AUTOS = YES_AGGRESSIVE;
				GCC_WARN_UNUSED_FUNCTION = YES;
				GCC_WARN_UNUSED_VARIABLE = YES;
				IPHONEOS_DEPLOYMENT_TARGET = 13.0;
				MTL_ENABLE_DEBUG_INFO = INCLUDE_SOURCE;
				MTL_FAST_MATH = YES;
				ONLY_ACTIVE_ARCH = YES;
				SDKROOT = iphoneos;
				SWIFT_ACTIVE_COMPILATION_CONDITIONS = DEBUG;
				SWIFT_OPTIMIZATION_LEVEL = "-Onone";
			};
			name = Debug;
		};
		753EFCC32445A24800A739E3 /* Release */ = {
			isa = XCBuildConfiguration;
			buildSettings = {
				ALWAYS_SEARCH_USER_PATHS = NO;
				CLANG_ANALYZER_NONNULL = YES;
				CLANG_ANALYZER_NUMBER_OBJECT_CONVERSION = YES_AGGRESSIVE;
				CLANG_CXX_LANGUAGE_STANDARD = "gnu++14";
				CLANG_CXX_LIBRARY = "libc++";
				CLANG_ENABLE_MODULES = YES;
				CLANG_ENABLE_OBJC_ARC = YES;
				CLANG_ENABLE_OBJC_WEAK = YES;
				CLANG_WARN_BLOCK_CAPTURE_AUTORELEASING = YES;
				CLANG_WARN_BOOL_CONVERSION = YES;
				CLANG_WARN_COMMA = YES;
				CLANG_WARN_CONSTANT_CONVERSION = YES;
				CLANG_WARN_DEPRECATED_OBJC_IMPLEMENTATIONS = YES;
				CLANG_WARN_DIRECT_OBJC_ISA_USAGE = YES_ERROR;
				CLANG_WARN_DOCUMENTATION_COMMENTS = YES;
				CLANG_WARN_EMPTY_BODY = YES;
				CLANG_WARN_ENUM_CONVERSION = YES;
				CLANG_WARN_INFINITE_RECURSION = YES;
				CLANG_WARN_INT_CONVERSION = YES;
				CLANG_WARN_NON_LITERAL_NULL_CONVERSION = YES;
				CLANG_WARN_OBJC_IMPLICIT_RETAIN_SELF = YES;
				CLANG_WARN_OBJC_LITERAL_CONVERSION = YES;
				CLANG_WARN_OBJC_ROOT_CLASS = YES_ERROR;
				CLANG_WARN_QUOTED_INCLUDE_IN_FRAMEWORK_HEADER = YES;
				CLANG_WARN_RANGE_LOOP_ANALYSIS = YES;
				CLANG_WARN_STRICT_PROTOTYPES = YES;
				CLANG_WARN_SUSPICIOUS_MOVE = YES;
				CLANG_WARN_UNGUARDED_AVAILABILITY = YES_AGGRESSIVE;
				CLANG_WARN_UNREACHABLE_CODE = YES;
				CLANG_WARN__DUPLICATE_METHOD_MATCH = YES;
				COPY_PHASE_STRIP = NO;
				DEBUG_INFORMATION_FORMAT = "dwarf-with-dsym";
				ENABLE_NS_ASSERTIONS = NO;
				ENABLE_STRICT_OBJC_MSGSEND = YES;
				GCC_C_LANGUAGE_STANDARD = gnu11;
				GCC_NO_COMMON_BLOCKS = YES;
				GCC_WARN_64_TO_32_BIT_CONVERSION = YES;
				GCC_WARN_ABOUT_RETURN_TYPE = YES_ERROR;
				GCC_WARN_UNDECLARED_SELECTOR = YES;
				GCC_WARN_UNINITIALIZED_AUTOS = YES_AGGRESSIVE;
				GCC_WARN_UNUSED_FUNCTION = YES;
				GCC_WARN_UNUSED_VARIABLE = YES;
				IPHONEOS_DEPLOYMENT_TARGET = 13.0;
				MTL_ENABLE_DEBUG_INFO = NO;
				MTL_FAST_MATH = YES;
				SDKROOT = iphoneos;
				SWIFT_COMPILATION_MODE = wholemodule;
				SWIFT_OPTIMIZATION_LEVEL = "-O";
				VALIDATE_PRODUCT = YES;
			};
			name = Release;
		};
		753EFCC52445A24800A739E3 /* Debug */ = {
			isa = XCBuildConfiguration;
			baseConfigurationReference = F837BE66F7CA53E0AE4E489A /* Pods-Tasker.debug.xcconfig */;
			buildSettings = {
				ASSETCATALOG_COMPILER_APPICON_NAME = AppIcon;
				CODE_SIGN_ENTITLEMENTS = "This Day.entitlements";
				CODE_SIGN_STYLE = Automatic;
				CURRENT_PROJECT_VERSION = 6;
				DEVELOPMENT_TEAM = CJ43UNM3AR;
				INFOPLIST_FILE = "To Do List/Info.plist";
				INFOPLIST_KEY_CFBundleDisplayName = Tasker;
				INFOPLIST_KEY_LSApplicationCategoryType = "public.app-category.productivity";
				IPHONEOS_DEPLOYMENT_TARGET = 15.6;
				LD_RUNPATH_SEARCH_PATHS = (
					"$(inherited)",
					"@executable_path/Frameworks",
				);
				MARKETING_VERSION = 1.0.5;
				PRODUCT_BUNDLE_IDENTIFIER = "com.saransh1337.To-Do-List";
				PRODUCT_NAME = "This Day";
				SWIFT_VERSION = 5.0;
				TARGETED_DEVICE_FAMILY = 1;
			};
			name = Debug;
		};
		753EFCC62445A24800A739E3 /* Release */ = {
			isa = XCBuildConfiguration;
			baseConfigurationReference = 70E79140E336ABD37FA3BDBB /* Pods-Tasker.release.xcconfig */;
			buildSettings = {
				ASSETCATALOG_COMPILER_APPICON_NAME = AppIcon;
				CODE_SIGN_ENTITLEMENTS = "This Day.entitlements";
				CODE_SIGN_STYLE = Automatic;
				CURRENT_PROJECT_VERSION = 6;
				DEVELOPMENT_TEAM = CJ43UNM3AR;
				INFOPLIST_FILE = "To Do List/Info.plist";
				INFOPLIST_KEY_CFBundleDisplayName = Tasker;
				INFOPLIST_KEY_LSApplicationCategoryType = "public.app-category.productivity";
				IPHONEOS_DEPLOYMENT_TARGET = 15.6;
				LD_RUNPATH_SEARCH_PATHS = (
					"$(inherited)",
					"@executable_path/Frameworks",
				);
				MARKETING_VERSION = 1.0.5;
				PRODUCT_BUNDLE_IDENTIFIER = "com.saransh1337.To-Do-List";
				PRODUCT_NAME = "This Day";
				SWIFT_VERSION = 5.0;
				TARGETED_DEVICE_FAMILY = 1;
			};
			name = Release;
		};
		753EFCC82445A24800A739E3 /* Debug */ = {
			isa = XCBuildConfiguration;
			baseConfigurationReference = AB45C206092975A04EE2A82A /* Pods-TaskerTests.debug.xcconfig */;
			buildSettings = {
				ALWAYS_EMBED_SWIFT_STANDARD_LIBRARIES = YES;
				BUNDLE_LOADER = "$(TEST_HOST)";
				CODE_SIGN_STYLE = Automatic;
				DEVELOPMENT_TEAM = CJ43UNM3AR;
				INFOPLIST_FILE = "To Do ListTests/Info.plist";
				IPHONEOS_DEPLOYMENT_TARGET = 15.6;
				LD_RUNPATH_SEARCH_PATHS = (
					"$(inherited)",
					"@executable_path/Frameworks",
					"@loader_path/Frameworks",
				);
				PRODUCT_BUNDLE_IDENTIFIER = "com.saransh1337.To-Do-ListTests";
				PRODUCT_NAME = "$(TARGET_NAME)";
				SWIFT_VERSION = 5.0;
				TARGETED_DEVICE_FAMILY = "1,2";
				TEST_HOST = "$(BUILT_PRODUCTS_DIR)/Tasker.app/Tasker";
			};
			name = Debug;
		};
		753EFCC92445A24800A739E3 /* Release */ = {
			isa = XCBuildConfiguration;
			baseConfigurationReference = 6BF8ED94E4ADC11271F5ED5F /* Pods-TaskerTests.release.xcconfig */;
			buildSettings = {
				ALWAYS_EMBED_SWIFT_STANDARD_LIBRARIES = YES;
				BUNDLE_LOADER = "$(TEST_HOST)";
				CODE_SIGN_STYLE = Automatic;
				DEVELOPMENT_TEAM = CJ43UNM3AR;
				INFOPLIST_FILE = "To Do ListTests/Info.plist";
				IPHONEOS_DEPLOYMENT_TARGET = 15.6;
				LD_RUNPATH_SEARCH_PATHS = (
					"$(inherited)",
					"@executable_path/Frameworks",
					"@loader_path/Frameworks",
				);
				PRODUCT_BUNDLE_IDENTIFIER = "com.saransh1337.To-Do-ListTests";
				PRODUCT_NAME = "$(TARGET_NAME)";
				SWIFT_VERSION = 5.0;
				TARGETED_DEVICE_FAMILY = "1,2";
				TEST_HOST = "$(BUILT_PRODUCTS_DIR)/Tasker.app/Tasker";
			};
			name = Release;
		};
		753EFCCB2445A24800A739E3 /* Debug */ = {
			isa = XCBuildConfiguration;
			buildSettings = {
				ALWAYS_EMBED_SWIFT_STANDARD_LIBRARIES = YES;
				CODE_SIGN_STYLE = Automatic;
				DEVELOPMENT_TEAM = CJ43UNM3AR;
				INFOPLIST_FILE = "To Do ListUITests/Info.plist";
				IPHONEOS_DEPLOYMENT_TARGET = 15.6;
				LD_RUNPATH_SEARCH_PATHS = (
					"$(inherited)",
					"@executable_path/Frameworks",
					"@loader_path/Frameworks",
				);
				PRODUCT_BUNDLE_IDENTIFIER = "com.saransh1337.To-Do-ListUITests";
				PRODUCT_NAME = "$(TARGET_NAME)";
				SWIFT_VERSION = 5.0;
				TARGETED_DEVICE_FAMILY = "1,2";
				TEST_TARGET_NAME = "To Do List";
			};
			name = Debug;
		};
		753EFCCC2445A24800A739E3 /* Release */ = {
			isa = XCBuildConfiguration;
			buildSettings = {
				ALWAYS_EMBED_SWIFT_STANDARD_LIBRARIES = YES;
				CODE_SIGN_STYLE = Automatic;
				DEVELOPMENT_TEAM = CJ43UNM3AR;
				INFOPLIST_FILE = "To Do ListUITests/Info.plist";
				IPHONEOS_DEPLOYMENT_TARGET = 15.6;
				LD_RUNPATH_SEARCH_PATHS = (
					"$(inherited)",
					"@executable_path/Frameworks",
					"@loader_path/Frameworks",
				);
				PRODUCT_BUNDLE_IDENTIFIER = "com.saransh1337.To-Do-ListUITests";
				PRODUCT_NAME = "$(TARGET_NAME)";
				SWIFT_VERSION = 5.0;
				TARGETED_DEVICE_FAMILY = "1,2";
				TEST_TARGET_NAME = "To Do List";
			};
			name = Release;
		};
/* End XCBuildConfiguration section */

/* Begin XCConfigurationList section */
		753EFC952445A24500A739E3 /* Build configuration list for PBXProject "Tasker" */ = {
			isa = XCConfigurationList;
			buildConfigurations = (
				753EFCC22445A24800A739E3 /* Debug */,
				753EFCC32445A24800A739E3 /* Release */,
			);
			defaultConfigurationIsVisible = 0;
			defaultConfigurationName = Release;
		};
		753EFCC42445A24800A739E3 /* Build configuration list for PBXNativeTarget "Tasker" */ = {
			isa = XCConfigurationList;
			buildConfigurations = (
				753EFCC52445A24800A739E3 /* Debug */,
				753EFCC62445A24800A739E3 /* Release */,
			);
			defaultConfigurationIsVisible = 0;
			defaultConfigurationName = Release;
		};
		753EFCC72445A24800A739E3 /* Build configuration list for PBXNativeTarget "TaskerTests" */ = {
			isa = XCConfigurationList;
			buildConfigurations = (
				753EFCC82445A24800A739E3 /* Debug */,
				753EFCC92445A24800A739E3 /* Release */,
			);
			defaultConfigurationIsVisible = 0;
			defaultConfigurationName = Release;
		};
		753EFCCA2445A24800A739E3 /* Build configuration list for PBXNativeTarget "TaskerUITests" */ = {
			isa = XCConfigurationList;
			buildConfigurations = (
				753EFCCB2445A24800A739E3 /* Debug */,
				753EFCCC2445A24800A739E3 /* Release */,
			);
			defaultConfigurationIsVisible = 0;
			defaultConfigurationName = Release;
		};
/* End XCConfigurationList section */

/* Begin XCVersionGroup section */
		750F9EDD2685D7A400C008C4 /* TaskModel.xcdatamodeld */ = {
			isa = XCVersionGroup;
			children = (
				750F9EDE2685D7A400C008C4 /* TaskModel.xcdatamodel */,
			);
			currentVersion = 750F9EDE2685D7A400C008C4 /* TaskModel.xcdatamodel */;
			name = TaskModel.xcdatamodeld;
			path = "To Do List/TaskModel.xcdatamodeld";
			sourceTree = "<group>";
			versionGroupType = wrapper.xcdatamodel;
		};
		75F18100245C99CD004D9A69 /* TaskModel.xcdatamodeld */ = {
			isa = XCVersionGroup;
			children = (
				75F18101245C99CD004D9A69 /* TaskModel.xcdatamodel */,
			);
			currentVersion = 75F18101245C99CD004D9A69 /* TaskModel.xcdatamodel */;
			path = TaskModel.xcdatamodeld;
			sourceTree = "<group>";
			versionGroupType = wrapper.xcdatamodel;
		};
/* End XCVersionGroup section */
	};
	rootObject = 753EFC922445A24500A739E3 /* Project object */;
}
