PODS:
  - TableViewReloadAnimation (0.0.5)

DEPENDENCIES:
  - TableViewReloadAnimation (~> 0.0.5)

SPEC REPOS:
  trunk:
    - TableViewReloadAnimation

SPEC CHECKSUMS:
  TableViewReloadAnimation: f3a4c4048efbc56331be98075f26a2e533a14c16

PODFILE CHECKSUM: f88dbc64636281e21290a27e3e6a04b4164abd6c

COCOAPODS: 1.9.1
